
Microsoft Visual Studio Solution File, Format Version 12.00
# Visual Studio Version 16
VisualStudioVersion = 16.0.31025.194
MinimumVisualStudioVersion = 10.0.40219.1
Project("{FAE04EC0-301F-11D3-BF4B-00C04F79EFBC}") = "ValheimVRMod", "ValheimVRMod\ValheimVRMod.csproj", "{86B846A5-747B-47DC-AC73-FDA218E4361F}"
EndProject
Project("{2150E333-8FDC-42A3-9474-1A3956D46DE8}") = "Solution Items", "Solution Items", "{B992F61B-A2D6-42BA-BC17-B0F0638EBED5}"
EndProject
Global
	GlobalSection(SolutionConfigurationPlatforms) = preSolution
		Debug|Any CPU = Debug|Any CPU
		Release|Any CPU = Release|Any CPU
		SyncOnlyDebug|Any CPU = SyncOnlyDebug|Any CPU
		SyncOnlyRelease|Any CPU = SyncOnlyRelease|Any CPU
	EndGlobalSection
	GlobalSection(ProjectConfigurationPlatforms) = postSolution
		{86B846A5-747B-47DC-AC73-FDA218E4361F}.Debug|Any CPU.ActiveCfg = Debug|Any CPU
		{86B846A5-747B-47DC-AC73-FDA218E4361F}.Debug|Any CPU.Build.0 = Debug|Any CPU
		{86B846A5-747B-47DC-AC73-FDA218E4361F}.Release|Any CPU.ActiveCfg = Release|Any CPU
		{86B846A5-747B-47DC-AC73-FDA218E4361F}.Release|Any CPU.Build.0 = Release|Any CPU
		{86B846A5-747B-47DC-AC73-FDA218E4361F}.SyncOnlyDebug|Any CPU.ActiveCfg = SyncOnlyDebug|Any CPU
		{86B846A5-747B-47DC-AC73-FDA218E4361F}.SyncOnlyDebug|Any CPU.Build.0 = SyncOnlyDebug|Any CPU
		{86B846A5-747B-47DC-AC73-FDA218E4361F}.SyncOnlyRelease|Any CPU.ActiveCfg = SyncOnlyRelease|Any CPU
		{86B846A5-747B-47DC-AC73-FDA218E4361F}.SyncOnlyRelease|Any CPU.Build.0 = SyncOnlyRelease|Any CPU
	EndGlobalSection
	GlobalSection(SolutionProperties) = preSolution
		HideSolutionNode = FALSE
	EndGlobalSection
	GlobalSection(ExtensibilityGlobals) = postSolution
		SolutionGuid = {196225B2-40FF-4385-84E1-215E03AF80BF}
	EndGlobalSection
EndGlobal
